
Microsoft Visual Studio Solution File, Format Version 12.00
# Visual Studio 14
VisualStudioVersion = 14.0.23107.0
MinimumVisualStudioVersion = 10.0.40219.1
Project("{FAE04EC0-301F-11D3-BF4B-00C04F79EFBC}") = "SmartTourist.Domain", "SmartTourist.Domain\SmartTourist.Domain.csproj", "{0E17FD8A-4597-4E43-BF40-B6E69E0BEFF8}"
EndProject
Project("{F088123C-0E9E-452A-89E6-6BA2F21D5CAC}") = "Model", "Model\Model.modelproj", "{F297C23A-A227-4D61-AA8A-3B25FD7702D6}"
EndProject
Project("{FAE04EC0-301F-11D3-BF4B-00C04F79EFBC}") = "SmartTourist.WebClient", "SmartTourist.WebClient\SmartTourist.WebClient.csproj", "{E0CE1876-50DB-44C9-8D71-C011A4770C06}"
EndProject
Global
	GlobalSection(SolutionConfigurationPlatforms) = preSolution
		Debug|Any CPU = Debug|Any CPU
		Release|Any CPU = Release|Any CPU
	EndGlobalSection
	GlobalSection(ProjectConfigurationPlatforms) = postSolution
		{0E17FD8A-4597-4E43-BF40-B6E69E0BEFF8}.Debug|Any CPU.ActiveCfg = Debug|Any CPU
		{0E17FD8A-4597-4E43-BF40-B6E69E0BEFF8}.Debug|Any CPU.Build.0 = Debug|Any CPU
		{0E17FD8A-4597-4E43-BF40-B6E69E0BEFF8}.Release|Any CPU.ActiveCfg = Release|Any CPU
		{0E17FD8A-4597-4E43-BF40-B6E69E0BEFF8}.Release|Any CPU.Build.0 = Release|Any CPU
		{F297C23A-A227-4D61-AA8A-3B25FD7702D6}.Debug|Any CPU.ActiveCfg = Debug|Any CPU
		{F297C23A-A227-4D61-AA8A-3B25FD7702D6}.Debug|Any CPU.Build.0 = Debug|Any CPU
		{F297C23A-A227-4D61-AA8A-3B25FD7702D6}.Release|Any CPU.ActiveCfg = Release|Any CPU
		{F297C23A-A227-4D61-AA8A-3B25FD7702D6}.Release|Any CPU.Build.0 = Release|Any CPU
		{E0CE1876-50DB-44C9-8D71-C011A4770C06}.Debug|Any CPU.ActiveCfg = Debug|Any CPU
		{E0CE1876-50DB-44C9-8D71-C011A4770C06}.Debug|Any CPU.Build.0 = Debug|Any CPU
		{E0CE1876-50DB-44C9-8D71-C011A4770C06}.Release|Any CPU.ActiveCfg = Release|Any CPU
		{E0CE1876-50DB-44C9-8D71-C011A4770C06}.Release|Any CPU.Build.0 = Release|Any CPU
	EndGlobalSection
	GlobalSection(SolutionProperties) = preSolution
		HideSolutionNode = FALSE
	EndGlobalSection
EndGlobal
